
Microsoft Visual Studio Solution File, Format Version 12.00
# Visual Studio Version 17
VisualStudioVersion = 17.0.32126.317
MinimumVisualStudioVersion = 10.0.40219.1
Project("{FAE04EC0-301F-11D3-BF4B-00C04F79EFBC}") = "Lec5Ex01", "Lec5Ex01\Lec5Ex01.csproj", "{90318FA4-A323-466C-BC2B-57D690DBE3E8}"
EndProject
Global
	GlobalSection(SolutionConfigurationPlatforms) = preSolution
		Debug|Any CPU = Debug|Any CPU
		Release|Any CPU = Release|Any CPU
	EndGlobalSection
	GlobalSection(ProjectConfigurationPlatforms) = postSolution
		{90318FA4-A323-466C-BC2B-57D690DBE3E8}.Debug|Any CPU.ActiveCfg = Debug|Any CPU
		{90318FA4-A323-466C-BC2B-57D690DBE3E8}.Debug|Any CPU.Build.0 = Debug|Any CPU
		{90318FA4-A323-466C-BC2B-57D690DBE3E8}.Release|Any CPU.ActiveCfg = Release|Any CPU
		{90318FA4-A323-466C-BC2B-57D690DBE3E8}.Release|Any CPU.Build.0 = Release|Any CPU
	EndGlobalSection
	GlobalSection(SolutionProperties) = preSolution
		HideSolutionNode = FALSE
	EndGlobalSection
	GlobalSection(ExtensibilityGlobals) = postSolution
		SolutionGuid = {49CE769E-72A6-4611-A98F-9413E39C453E}
	EndGlobalSection
EndGlobal
