
Microsoft Visual Studio Solution File, Format Version 12.00
# Visual Studio Version 17
VisualStudioVersion = 17.0.32126.317
MinimumVisualStudioVersion = 10.0.40219.1
Project("{FAE04EC0-301F-11D3-BF4B-00C04F79EFBC}") = "Lec3Ex02", "Lec3Ex02\Lec3Ex02.csproj", "{334E5F5C-6884-4DED-8214-D945DDF4AAB8}"
EndProject
Global
	GlobalSection(SolutionConfigurationPlatforms) = preSolution
		Debug|Any CPU = Debug|Any CPU
		Release|Any CPU = Release|Any CPU
	EndGlobalSection
	GlobalSection(ProjectConfigurationPlatforms) = postSolution
		{334E5F5C-6884-4DED-8214-D945DDF4AAB8}.Debug|Any CPU.ActiveCfg = Debug|Any CPU
		{334E5F5C-6884-4DED-8214-D945DDF4AAB8}.Debug|Any CPU.Build.0 = Debug|Any CPU
		{334E5F5C-6884-4DED-8214-D945DDF4AAB8}.Release|Any CPU.ActiveCfg = Release|Any CPU
		{334E5F5C-6884-4DED-8214-D945DDF4AAB8}.Release|Any CPU.Build.0 = Release|Any CPU
	EndGlobalSection
	GlobalSection(SolutionProperties) = preSolution
		HideSolutionNode = FALSE
	EndGlobalSection
	GlobalSection(ExtensibilityGlobals) = postSolution
		SolutionGuid = {CB7943B8-C1D0-4987-9E21-4487D9D9389E}
	EndGlobalSection
EndGlobal
